
Microsoft Visual Studio Solution File, Format Version 12.00
# Visual Studio Version 17
VisualStudioVersion = 17.13.35605.110 d17.13
MinimumVisualStudioVersion = 10.0.40219.1
Project("{FAE04EC0-301F-11D3-BF4B-00C04F79EFBC}") = "college_Application", "college_Application\college_Application.csproj", "{6786F0ED-FE39-4235-9EC5-9D5805BF45FD}"
EndProject
Global
	GlobalSection(SolutionConfigurationPlatforms) = preSolution
		Debug|Any CPU = Debug|Any CPU
		Release|Any CPU = Release|Any CPU
	EndGlobalSection
	GlobalSection(ProjectConfigurationPlatforms) = postSolution
		{6786F0ED-FE39-4235-9EC5-9D5805BF45FD}.Debug|Any CPU.ActiveCfg = Debug|Any CPU
		{6786F0ED-FE39-4235-9EC5-9D5805BF45FD}.Debug|Any CPU.Build.0 = Debug|Any CPU
		{6786F0ED-FE39-4235-9EC5-9D5805BF45FD}.Release|Any CPU.ActiveCfg = Release|Any CPU
		{6786F0ED-FE39-4235-9EC5-9D5805BF45FD}.Release|Any CPU.Build.0 = Release|Any CPU
	EndGlobalSection
	GlobalSection(SolutionProperties) = preSolution
		HideSolutionNode = FALSE
	EndGlobalSection
	GlobalSection(ExtensibilityGlobals) = postSolution
		SolutionGuid = {043E56FE-CC0B-4928-A671-34003229D446}
	EndGlobalSection
EndGlobal
